// !$*UTF8*$!
{
	archiveVersion = 1;
	classes = {
	};
	objectVersion = 46;
	objects = {

/* Begin PBXBuildFile section */
		2A38395F7908D6FDF8D4BFBF /* Pods_WeatherAppUITests.framework in Frameworks */ = {isa = PBXBuildFile; fileRef = 8B1F6672BAA3CAE1FD531102 /* Pods_WeatherAppUITests.framework */; };
		37680BE2993F21C16EDDF1D9 /* Pods_WeatherApp.framework in Frameworks */ = {isa = PBXBuildFile; fileRef = 6C2240CE5CEAEAD50EDE232A /* Pods_WeatherApp.framework */; };
		926F5B781F6E8FCC00E6547C /* BaseViewController.swift in Sources */ = {isa = PBXBuildFile; fileRef = 926F5B771F6E8FCC00E6547C /* BaseViewController.swift */; };
		928DD7711F6BE5E3000F8879 /* AppDelegate.swift in Sources */ = {isa = PBXBuildFile; fileRef = 928DD7701F6BE5E3000F8879 /* AppDelegate.swift */; };
		928DD7731F6BE5E3000F8879 /* LocationViewController.swift in Sources */ = {isa = PBXBuildFile; fileRef = 928DD7721F6BE5E3000F8879 /* LocationViewController.swift */; };
		928DD7761F6BE5E3000F8879 /* Main.storyboard in Resources */ = {isa = PBXBuildFile; fileRef = 928DD7741F6BE5E3000F8879 /* Main.storyboard */; };
		928DD7781F6BE5E3000F8879 /* Assets.xcassets in Resources */ = {isa = PBXBuildFile; fileRef = 928DD7771F6BE5E3000F8879 /* Assets.xcassets */; };
		928DD77B1F6BE5E3000F8879 /* LaunchScreen.storyboard in Resources */ = {isa = PBXBuildFile; fileRef = 928DD7791F6BE5E3000F8879 /* LaunchScreen.storyboard */; };
		928DD7861F6BE5E3000F8879 /* WeatherAppTests.swift in Sources */ = {isa = PBXBuildFile; fileRef = 928DD7851F6BE5E3000F8879 /* WeatherAppTests.swift */; };
		928DD7911F6BE5E3000F8879 /* WeatherAppUITests.swift in Sources */ = {isa = PBXBuildFile; fileRef = 928DD7901F6BE5E3000F8879 /* WeatherAppUITests.swift */; };
		928DD7A01F6BEB12000F8879 /* Server.swift in Sources */ = {isa = PBXBuildFile; fileRef = 928DD79F1F6BEB12000F8879 /* Server.swift */; };
		928DD7A41F6C0A83000F8879 /* Weather.swift in Sources */ = {isa = PBXBuildFile; fileRef = 928DD7A31F6C0A83000F8879 /* Weather.swift */; };
		AA83AF4803FD1FE3F05A6CEC /* Pods_WeatherAppTests.framework in Frameworks */ = {isa = PBXBuildFile; fileRef = 2AE40FB52527D34D70F0FFE8 /* Pods_WeatherAppTests.framework */; };
		FDB5629620A4262A009E7D11 /* DependencyInjectionContainer.swift in Sources */ = {isa = PBXBuildFile; fileRef = FDB5629520A4262A009E7D11 /* DependencyInjectionContainer.swift */; };
		FDE1AE8A20A0CEA400D383C4 /* WeatherInteractor.swift in Sources */ = {isa = PBXBuildFile; fileRef = FDE1AE8920A0CEA400D383C4 /* WeatherInteractor.swift */; };
		FDE1AE8D20A0CF0100D383C4 /* WeatherService.swift in Sources */ = {isa = PBXBuildFile; fileRef = FDE1AE8C20A0CF0100D383C4 /* WeatherService.swift */; };
		FDE1AE8F20A0CFC000D383C4 /* WeatherInteractorable.swift in Sources */ = {isa = PBXBuildFile; fileRef = FDE1AE8E20A0CFC000D383C4 /* WeatherInteractorable.swift */; };
		FDE1AE9220A0D12D00D383C4 /* WeatherPresenterInteractable.swift in Sources */ = {isa = PBXBuildFile; fileRef = FDE1AE9120A0D12D00D383C4 /* WeatherPresenterInteractable.swift */; };
		FDE1AE9420A0D69200D383C4 /* WeatherPresenter.swift in Sources */ = {isa = PBXBuildFile; fileRef = FDE1AE9320A0D69200D383C4 /* WeatherPresenter.swift */; };
		FDE1AE9720A0D84400D383C4 /* WeatherPresenterViewable.swift in Sources */ = {isa = PBXBuildFile; fileRef = FDE1AE9620A0D84400D383C4 /* WeatherPresenterViewable.swift */; };
		FDE1AE9920A0DA8400D383C4 /* WeatherServiceInteractable.swift in Sources */ = {isa = PBXBuildFile; fileRef = FDE1AE9820A0DA8400D383C4 /* WeatherServiceInteractable.swift */; };
		FDE1AE9B20A0DDB900D383C4 /* WeatherPresentable.swift in Sources */ = {isa = PBXBuildFile; fileRef = FDE1AE9A20A0DDB900D383C4 /* WeatherPresentable.swift */; };
		FDFA62221FB9888700005C03 /* MessageLibrary.swift in Sources */ = {isa = PBXBuildFile; fileRef = FDFA62211FB9888700005C03 /* MessageLibrary.swift */; };
/* End PBXBuildFile section */

/* Begin PBXContainerItemProxy section */
		928DD7821F6BE5E3000F8879 /* PBXContainerItemProxy */ = {
			isa = PBXContainerItemProxy;
			containerPortal = 928DD7651F6BE5E3000F8879 /* Project object */;
			proxyType = 1;
			remoteGlobalIDString = 928DD76C1F6BE5E3000F8879;
			remoteInfo = WeatherApp;
		};
		928DD78D1F6BE5E3000F8879 /* PBXContainerItemProxy */ = {
			isa = PBXContainerItemProxy;
			containerPortal = 928DD7651F6BE5E3000F8879 /* Project object */;
			proxyType = 1;
			remoteGlobalIDString = 928DD76C1F6BE5E3000F8879;
			remoteInfo = WeatherApp;
		};
/* End PBXContainerItemProxy section */

/* Begin PBXFileReference section */
		0F1BE6B1A5B966E75329EAF0 /* Pods-WeatherAppTests.release.xcconfig */ = {isa = PBXFileReference; includeInIndex = 1; lastKnownFileType = text.xcconfig; name = "Pods-WeatherAppTests.release.xcconfig"; path = "Pods/Target Support Files/Pods-WeatherAppTests/Pods-WeatherAppTests.release.xcconfig"; sourceTree = "<group>"; };
		2AE40FB52527D34D70F0FFE8 /* Pods_WeatherAppTests.framework */ = {isa = PBXFileReference; explicitFileType = wrapper.framework; includeInIndex = 0; path = Pods_WeatherAppTests.framework; sourceTree = BUILT_PRODUCTS_DIR; };
		6C2240CE5CEAEAD50EDE232A /* Pods_WeatherApp.framework */ = {isa = PBXFileReference; explicitFileType = wrapper.framework; includeInIndex = 0; path = Pods_WeatherApp.framework; sourceTree = BUILT_PRODUCTS_DIR; };
		742CE32A4172C0F2AB227B82 /* Pods-WeatherAppTests.debug.xcconfig */ = {isa = PBXFileReference; includeInIndex = 1; lastKnownFileType = text.xcconfig; name = "Pods-WeatherAppTests.debug.xcconfig"; path = "Pods/Target Support Files/Pods-WeatherAppTests/Pods-WeatherAppTests.debug.xcconfig"; sourceTree = "<group>"; };
		8B1F6672BAA3CAE1FD531102 /* Pods_WeatherAppUITests.framework */ = {isa = PBXFileReference; explicitFileType = wrapper.framework; includeInIndex = 0; path = Pods_WeatherAppUITests.framework; sourceTree = BUILT_PRODUCTS_DIR; };
		926F5B771F6E8FCC00E6547C /* BaseViewController.swift */ = {isa = PBXFileReference; fileEncoding = 4; lastKnownFileType = sourcecode.swift; path = BaseViewController.swift; sourceTree = "<group>"; };
		928DD76D1F6BE5E3000F8879 /* WeatherApp.app */ = {isa = PBXFileReference; explicitFileType = wrapper.application; includeInIndex = 0; path = WeatherApp.app; sourceTree = BUILT_PRODUCTS_DIR; };
		928DD7701F6BE5E3000F8879 /* AppDelegate.swift */ = {isa = PBXFileReference; lastKnownFileType = sourcecode.swift; path = AppDelegate.swift; sourceTree = "<group>"; };
		928DD7721F6BE5E3000F8879 /* LocationViewController.swift */ = {isa = PBXFileReference; lastKnownFileType = sourcecode.swift; path = LocationViewController.swift; sourceTree = "<group>"; };
		928DD7751F6BE5E3000F8879 /* Base */ = {isa = PBXFileReference; lastKnownFileType = file.storyboard; name = Base; path = Base.lproj/Main.storyboard; sourceTree = "<group>"; };
		928DD7771F6BE5E3000F8879 /* Assets.xcassets */ = {isa = PBXFileReference; lastKnownFileType = folder.assetcatalog; path = Assets.xcassets; sourceTree = "<group>"; };
		928DD77A1F6BE5E3000F8879 /* Base */ = {isa = PBXFileReference; lastKnownFileType = file.storyboard; name = Base; path = Base.lproj/LaunchScreen.storyboard; sourceTree = "<group>"; };
		928DD77C1F6BE5E3000F8879 /* Info.plist */ = {isa = PBXFileReference; lastKnownFileType = text.plist.xml; path = Info.plist; sourceTree = "<group>"; };
		928DD7811F6BE5E3000F8879 /* WeatherAppTests.xctest */ = {isa = PBXFileReference; explicitFileType = wrapper.cfbundle; includeInIndex = 0; path = WeatherAppTests.xctest; sourceTree = BUILT_PRODUCTS_DIR; };
		928DD7851F6BE5E3000F8879 /* WeatherAppTests.swift */ = {isa = PBXFileReference; lastKnownFileType = sourcecode.swift; path = WeatherAppTests.swift; sourceTree = "<group>"; };
		928DD7871F6BE5E3000F8879 /* Info.plist */ = {isa = PBXFileReference; lastKnownFileType = text.plist.xml; path = Info.plist; sourceTree = "<group>"; };
		928DD78C1F6BE5E3000F8879 /* WeatherAppUITests.xctest */ = {isa = PBXFileReference; explicitFileType = wrapper.cfbundle; includeInIndex = 0; path = WeatherAppUITests.xctest; sourceTree = BUILT_PRODUCTS_DIR; };
		928DD7901F6BE5E3000F8879 /* WeatherAppUITests.swift */ = {isa = PBXFileReference; lastKnownFileType = sourcecode.swift; path = WeatherAppUITests.swift; sourceTree = "<group>"; };
		928DD7921F6BE5E3000F8879 /* Info.plist */ = {isa = PBXFileReference; lastKnownFileType = text.plist.xml; path = Info.plist; sourceTree = "<group>"; };
		928DD79F1F6BEB12000F8879 /* Server.swift */ = {isa = PBXFileReference; fileEncoding = 4; lastKnownFileType = sourcecode.swift; path = Server.swift; sourceTree = "<group>"; };
		928DD7A31F6C0A83000F8879 /* Weather.swift */ = {isa = PBXFileReference; fileEncoding = 4; lastKnownFileType = sourcecode.swift; path = Weather.swift; sourceTree = "<group>"; };
		9899BA9F1765CD19A583160A /* Pods-WeatherApp.debug.xcconfig */ = {isa = PBXFileReference; includeInIndex = 1; lastKnownFileType = text.xcconfig; name = "Pods-WeatherApp.debug.xcconfig"; path = "Pods/Target Support Files/Pods-WeatherApp/Pods-WeatherApp.debug.xcconfig"; sourceTree = "<group>"; };
		C4525977FEE03D1402F3E162 /* Pods-WeatherApp.release.xcconfig */ = {isa = PBXFileReference; includeInIndex = 1; lastKnownFileType = text.xcconfig; name = "Pods-WeatherApp.release.xcconfig"; path = "Pods/Target Support Files/Pods-WeatherApp/Pods-WeatherApp.release.xcconfig"; sourceTree = "<group>"; };
		EE7E001130F2CFA6349ED665 /* Pods-WeatherAppUITests.debug.xcconfig */ = {isa = PBXFileReference; includeInIndex = 1; lastKnownFileType = text.xcconfig; name = "Pods-WeatherAppUITests.debug.xcconfig"; path = "Pods/Target Support Files/Pods-WeatherAppUITests/Pods-WeatherAppUITests.debug.xcconfig"; sourceTree = "<group>"; };
		F72D8AE757E0B273BB9D464F /* Pods-WeatherAppUITests.release.xcconfig */ = {isa = PBXFileReference; includeInIndex = 1; lastKnownFileType = text.xcconfig; name = "Pods-WeatherAppUITests.release.xcconfig"; path = "Pods/Target Support Files/Pods-WeatherAppUITests/Pods-WeatherAppUITests.release.xcconfig"; sourceTree = "<group>"; };
		FDB5629520A4262A009E7D11 /* DependencyInjectionContainer.swift */ = {isa = PBXFileReference; lastKnownFileType = sourcecode.swift; path = DependencyInjectionContainer.swift; sourceTree = "<group>"; };
		FDE1AE8920A0CEA400D383C4 /* WeatherInteractor.swift */ = {isa = PBXFileReference; lastKnownFileType = sourcecode.swift; path = WeatherInteractor.swift; sourceTree = "<group>"; };
		FDE1AE8C20A0CF0100D383C4 /* WeatherService.swift */ = {isa = PBXFileReference; lastKnownFileType = sourcecode.swift; path = WeatherService.swift; sourceTree = "<group>"; };
		FDE1AE8E20A0CFC000D383C4 /* WeatherInteractorable.swift */ = {isa = PBXFileReference; lastKnownFileType = sourcecode.swift; path = WeatherInteractorable.swift; sourceTree = "<group>"; };
		FDE1AE9120A0D12D00D383C4 /* WeatherPresenterInteractable.swift */ = {isa = PBXFileReference; lastKnownFileType = sourcecode.swift; path = WeatherPresenterInteractable.swift; sourceTree = "<group>"; };
		FDE1AE9320A0D69200D383C4 /* WeatherPresenter.swift */ = {isa = PBXFileReference; lastKnownFileType = sourcecode.swift; path = WeatherPresenter.swift; sourceTree = "<group>"; };
		FDE1AE9620A0D84400D383C4 /* WeatherPresenterViewable.swift */ = {isa = PBXFileReference; lastKnownFileType = sourcecode.swift; path = WeatherPresenterViewable.swift; sourceTree = "<group>"; };
		FDE1AE9820A0DA8400D383C4 /* WeatherServiceInteractable.swift */ = {isa = PBXFileReference; lastKnownFileType = sourcecode.swift; path = WeatherServiceInteractable.swift; sourceTree = "<group>"; };
		FDE1AE9A20A0DDB900D383C4 /* WeatherPresentable.swift */ = {isa = PBXFileReference; lastKnownFileType = sourcecode.swift; path = WeatherPresentable.swift; sourceTree = "<group>"; };
		FDFA62211FB9888700005C03 /* MessageLibrary.swift */ = {isa = PBXFileReference; fileEncoding = 4; lastKnownFileType = sourcecode.swift; path = MessageLibrary.swift; sourceTree = "<group>"; };
/* End PBXFileReference section */

/* Begin PBXFrameworksBuildPhase section */
		928DD76A1F6BE5E3000F8879 /* Frameworks */ = {
			isa = PBXFrameworksBuildPhase;
			buildActionMask = 2147483647;
			files = (
				37680BE2993F21C16EDDF1D9 /* Pods_WeatherApp.framework in Frameworks */,
			);
			runOnlyForDeploymentPostprocessing = 0;
		};
		928DD77E1F6BE5E3000F8879 /* Frameworks */ = {
			isa = PBXFrameworksBuildPhase;
			buildActionMask = 2147483647;
			files = (
				AA83AF4803FD1FE3F05A6CEC /* Pods_WeatherAppTests.framework in Frameworks */,
			);
			runOnlyForDeploymentPostprocessing = 0;
		};
		928DD7891F6BE5E3000F8879 /* Frameworks */ = {
			isa = PBXFrameworksBuildPhase;
			buildActionMask = 2147483647;
			files = (
				2A38395F7908D6FDF8D4BFBF /* Pods_WeatherAppUITests.framework in Frameworks */,
			);
			runOnlyForDeploymentPostprocessing = 0;
		};
/* End PBXFrameworksBuildPhase section */

/* Begin PBXGroup section */
		5F5BF869ADEF05D55914CDE3 /* Frameworks */ = {
			isa = PBXGroup;
			children = (
				6C2240CE5CEAEAD50EDE232A /* Pods_WeatherApp.framework */,
				2AE40FB52527D34D70F0FFE8 /* Pods_WeatherAppTests.framework */,
				8B1F6672BAA3CAE1FD531102 /* Pods_WeatherAppUITests.framework */,
			);
			name = Frameworks;
			sourceTree = "<group>";
		};
		926F5B751F6E8EEE00E6547C /* Controllers */ = {
			isa = PBXGroup;
			children = (
				928DD7721F6BE5E3000F8879 /* LocationViewController.swift */,
				926F5B771F6E8FCC00E6547C /* BaseViewController.swift */,
			);
			name = Controllers;
			sourceTree = "<group>";
		};
		926F5B761F6E8F0100E6547C /* Storyboard */ = {
			isa = PBXGroup;
			children = (
				928DD7741F6BE5E3000F8879 /* Main.storyboard */,
				928DD7791F6BE5E3000F8879 /* LaunchScreen.storyboard */,
			);
			name = Storyboard;
			sourceTree = "<group>";
		};
		928DD7641F6BE5E3000F8879 = {
			isa = PBXGroup;
			children = (
				928DD76F1F6BE5E3000F8879 /* WeatherApp */,
				928DD7841F6BE5E3000F8879 /* WeatherAppTests */,
				928DD78F1F6BE5E3000F8879 /* WeatherAppUITests */,
				928DD76E1F6BE5E3000F8879 /* Products */,
				ACF072D02529AF3CA21750A7 /* Pods */,
				5F5BF869ADEF05D55914CDE3 /* Frameworks */,
			);
			sourceTree = "<group>";
		};
		928DD76E1F6BE5E3000F8879 /* Products */ = {
			isa = PBXGroup;
			children = (
				928DD76D1F6BE5E3000F8879 /* WeatherApp.app */,
				928DD7811F6BE5E3000F8879 /* WeatherAppTests.xctest */,
				928DD78C1F6BE5E3000F8879 /* WeatherAppUITests.xctest */,
			);
			name = Products;
			sourceTree = "<group>";
		};
		928DD76F1F6BE5E3000F8879 /* WeatherApp */ = {
			isa = PBXGroup;
			children = (
				FDE1AE9C20A0DF2A00D383C4 /* Entity */,
				FDE1AE9520A0D82200D383C4 /* View */,
				FDE1AE9020A0D10E00D383C4 /* Presenter */,
				FDE1AE8B20A0CEE600D383C4 /* Service */,
				FDE1AE8820A0CE6F00D383C4 /* Interactor */,
				926F5B761F6E8F0100E6547C /* Storyboard */,
				926F5B751F6E8EEE00E6547C /* Controllers */,
				928DD79E1F6BEAFB000F8879 /* Model */,
				928DD7771F6BE5E3000F8879 /* Assets.xcassets */,
				928DD77C1F6BE5E3000F8879 /* Info.plist */,
			);
			path = WeatherApp;
			sourceTree = "<group>";
		};
		928DD7841F6BE5E3000F8879 /* WeatherAppTests */ = {
			isa = PBXGroup;
			children = (
				928DD7851F6BE5E3000F8879 /* WeatherAppTests.swift */,
				928DD7871F6BE5E3000F8879 /* Info.plist */,
			);
			path = WeatherAppTests;
			sourceTree = "<group>";
		};
		928DD78F1F6BE5E3000F8879 /* WeatherAppUITests */ = {
			isa = PBXGroup;
			children = (
				928DD7901F6BE5E3000F8879 /* WeatherAppUITests.swift */,
				928DD7921F6BE5E3000F8879 /* Info.plist */,
			);
			path = WeatherAppUITests;
			sourceTree = "<group>";
		};
		928DD79E1F6BEAFB000F8879 /* Model */ = {
			isa = PBXGroup;
			children = (
				FDFA62211FB9888700005C03 /* MessageLibrary.swift */,
				928DD7701F6BE5E3000F8879 /* AppDelegate.swift */,
				928DD79F1F6BEB12000F8879 /* Server.swift */,
				FDB5629520A4262A009E7D11 /* DependencyInjectionContainer.swift */,
			);
			name = Model;
			sourceTree = "<group>";
		};
		ACF072D02529AF3CA21750A7 /* Pods */ = {
			isa = PBXGroup;
			children = (
				9899BA9F1765CD19A583160A /* Pods-WeatherApp.debug.xcconfig */,
				C4525977FEE03D1402F3E162 /* Pods-WeatherApp.release.xcconfig */,
				742CE32A4172C0F2AB227B82 /* Pods-WeatherAppTests.debug.xcconfig */,
				0F1BE6B1A5B966E75329EAF0 /* Pods-WeatherAppTests.release.xcconfig */,
				EE7E001130F2CFA6349ED665 /* Pods-WeatherAppUITests.debug.xcconfig */,
				F72D8AE757E0B273BB9D464F /* Pods-WeatherAppUITests.release.xcconfig */,
			);
			name = Pods;
			sourceTree = "<group>";
		};
		FDE1AE8820A0CE6F00D383C4 /* Interactor */ = {
			isa = PBXGroup;
			children = (
				FDE1AE8E20A0CFC000D383C4 /* WeatherInteractorable.swift */,
				FDE1AE8920A0CEA400D383C4 /* WeatherInteractor.swift */,
			);
			name = Interactor;
			sourceTree = "<group>";
		};
		FDE1AE8B20A0CEE600D383C4 /* Service */ = {
			isa = PBXGroup;
			children = (
				FDE1AE8C20A0CF0100D383C4 /* WeatherService.swift */,
				FDE1AE9820A0DA8400D383C4 /* WeatherServiceInteractable.swift */,
			);
			name = Service;
			sourceTree = "<group>";
		};
		FDE1AE9020A0D10E00D383C4 /* Presenter */ = {
			isa = PBXGroup;
			children = (
				FDE1AE9120A0D12D00D383C4 /* WeatherPresenterInteractable.swift */,
				FDE1AE9320A0D69200D383C4 /* WeatherPresenter.swift */,
			);
			name = Presenter;
			sourceTree = "<group>";
		};
		FDE1AE9520A0D82200D383C4 /* View */ = {
			isa = PBXGroup;
			children = (
				FDE1AE9620A0D84400D383C4 /* WeatherPresenterViewable.swift */,
				FDE1AE9A20A0DDB900D383C4 /* WeatherPresentable.swift */,
			);
			name = View;
			sourceTree = "<group>";
		};
		FDE1AE9C20A0DF2A00D383C4 /* Entity */ = {
			isa = PBXGroup;
			children = (
				928DD7A31F6C0A83000F8879 /* Weather.swift */,
			);
			name = Entity;
			sourceTree = "<group>";
		};
/* End PBXGroup section */

/* Begin PBXNativeTarget section */
		928DD76C1F6BE5E3000F8879 /* WeatherApp */ = {
			isa = PBXNativeTarget;
			buildConfigurationList = 928DD7951F6BE5E3000F8879 /* Build configuration list for PBXNativeTarget "WeatherApp" */;
			buildPhases = (
				8314DF0DD3D2B7B003ECA24F /* [CP] Check Pods Manifest.lock */,
				928DD7691F6BE5E3000F8879 /* Sources */,
				928DD76A1F6BE5E3000F8879 /* Frameworks */,
				928DD76B1F6BE5E3000F8879 /* Resources */,
				6DEADEF6A4A64DFF3BC3EC87 /* [CP] Embed Pods Frameworks */,
				D942F5166467269E24E65155 /* [CP] Copy Pods Resources */,
			);
			buildRules = (
			);
			dependencies = (
			);
			name = WeatherApp;
			productName = WeatherApp;
			productReference = 928DD76D1F6BE5E3000F8879 /* WeatherApp.app */;
			productType = "com.apple.product-type.application";
		};
		928DD7801F6BE5E3000F8879 /* WeatherAppTests */ = {
			isa = PBXNativeTarget;
			buildConfigurationList = 928DD7981F6BE5E3000F8879 /* Build configuration list for PBXNativeTarget "WeatherAppTests" */;
			buildPhases = (
				A1E19FF3FBF7113753BB8BA3 /* [CP] Check Pods Manifest.lock */,
				928DD77D1F6BE5E3000F8879 /* Sources */,
				928DD77E1F6BE5E3000F8879 /* Frameworks */,
				928DD77F1F6BE5E3000F8879 /* Resources */,
				D9EC0C4645282BF697142CF5 /* [CP] Embed Pods Frameworks */,
				72F65B53922536AFDE299587 /* [CP] Copy Pods Resources */,
			);
			buildRules = (
			);
			dependencies = (
				928DD7831F6BE5E3000F8879 /* PBXTargetDependency */,
			);
			name = WeatherAppTests;
			productName = WeatherAppTests;
			productReference = 928DD7811F6BE5E3000F8879 /* WeatherAppTests.xctest */;
			productType = "com.apple.product-type.bundle.unit-test";
		};
		928DD78B1F6BE5E3000F8879 /* WeatherAppUITests */ = {
			isa = PBXNativeTarget;
			buildConfigurationList = 928DD79B1F6BE5E3000F8879 /* Build configuration list for PBXNativeTarget "WeatherAppUITests" */;
			buildPhases = (
				8A709DAAC6E8B670278F83A7 /* [CP] Check Pods Manifest.lock */,
				928DD7881F6BE5E3000F8879 /* Sources */,
				928DD7891F6BE5E3000F8879 /* Frameworks */,
				928DD78A1F6BE5E3000F8879 /* Resources */,
				DFDB494943A46DBCB665A578 /* [CP] Embed Pods Frameworks */,
				3B1E51EB37BC23A6B5D1DC03 /* [CP] Copy Pods Resources */,
			);
			buildRules = (
			);
			dependencies = (
				928DD78E1F6BE5E3000F8879 /* PBXTargetDependency */,
			);
			name = WeatherAppUITests;
			productName = WeatherAppUITests;
			productReference = 928DD78C1F6BE5E3000F8879 /* WeatherAppUITests.xctest */;
			productType = "com.apple.product-type.bundle.ui-testing";
		};
/* End PBXNativeTarget section */

/* Begin PBXProject section */
		928DD7651F6BE5E3000F8879 /* Project object */ = {
			isa = PBXProject;
			attributes = {
				LastSwiftUpdateCheck = 0820;
				LastUpgradeCheck = 0820;
				ORGANIZATIONNAME = "Edward Mtshweni";
				TargetAttributes = {
					928DD76C1F6BE5E3000F8879 = {
						CreatedOnToolsVersion = 8.2.1;
						DevelopmentTeam = VJG9T5EAHJ;
						ProvisioningStyle = Automatic;
					};
					928DD7801F6BE5E3000F8879 = {
						CreatedOnToolsVersion = 8.2.1;
						ProvisioningStyle = Automatic;
						TestTargetID = 928DD76C1F6BE5E3000F8879;
					};
					928DD78B1F6BE5E3000F8879 = {
						CreatedOnToolsVersion = 8.2.1;
						ProvisioningStyle = Automatic;
						TestTargetID = 928DD76C1F6BE5E3000F8879;
					};
				};
			};
			buildConfigurationList = 928DD7681F6BE5E3000F8879 /* Build configuration list for PBXProject "WeatherApp" */;
			compatibilityVersion = "Xcode 3.2";
			developmentRegion = English;
			hasScannedForEncodings = 0;
			knownRegions = (
				en,
				Base,
			);
			mainGroup = 928DD7641F6BE5E3000F8879;
			productRefGroup = 928DD76E1F6BE5E3000F8879 /* Products */;
			projectDirPath = "";
			projectRoot = "";
			targets = (
				928DD76C1F6BE5E3000F8879 /* WeatherApp */,
				928DD7801F6BE5E3000F8879 /* WeatherAppTests */,
				928DD78B1F6BE5E3000F8879 /* WeatherAppUITests */,
			);
		};
/* End PBXProject section */

/* Begin PBXResourcesBuildPhase section */
		928DD76B1F6BE5E3000F8879 /* Resources */ = {
			isa = PBXResourcesBuildPhase;
			buildActionMask = 2147483647;
			files = (
				928DD77B1F6BE5E3000F8879 /* LaunchScreen.storyboard in Resources */,
				928DD7781F6BE5E3000F8879 /* Assets.xcassets in Resources */,
				928DD7761F6BE5E3000F8879 /* Main.storyboard in Resources */,
			);
			runOnlyForDeploymentPostprocessing = 0;
		};
		928DD77F1F6BE5E3000F8879 /* Resources */ = {
			isa = PBXResourcesBuildPhase;
			buildActionMask = 2147483647;
			files = (
			);
			runOnlyForDeploymentPostprocessing = 0;
		};
		928DD78A1F6BE5E3000F8879 /* Resources */ = {
			isa = PBXResourcesBuildPhase;
			buildActionMask = 2147483647;
			files = (
			);
			runOnlyForDeploymentPostprocessing = 0;
		};
/* End PBXResourcesBuildPhase section */

/* Begin PBXShellScriptBuildPhase section */
		3B1E51EB37BC23A6B5D1DC03 /* [CP] Copy Pods Resources */ = {
			isa = PBXShellScriptBuildPhase;
			buildActionMask = 2147483647;
			files = (
			);
			inputPaths = (
			);
			name = "[CP] Copy Pods Resources";
			outputPaths = (
			);
			runOnlyForDeploymentPostprocessing = 0;
			shellPath = /bin/sh;
			shellScript = "\"${SRCROOT}/Pods/Target Support Files/Pods-WeatherAppUITests/Pods-WeatherAppUITests-resources.sh\"\n";
			showEnvVarsInLog = 0;
		};
		6DEADEF6A4A64DFF3BC3EC87 /* [CP] Embed Pods Frameworks */ = {
			isa = PBXShellScriptBuildPhase;
			buildActionMask = 2147483647;
			files = (
			);
			inputPaths = (
				"${SRCROOT}/Pods/Target Support Files/Pods-WeatherApp/Pods-WeatherApp-frameworks.sh",
				"${BUILT_PRODUCTS_DIR}/Alamofire/Alamofire.framework",
				"${BUILT_PRODUCTS_DIR}/AlamofireSwiftyJSON/AlamofireSwiftyJSON.framework",
				"${BUILT_PRODUCTS_DIR}/CocoaLumberjack/CocoaLumberjack.framework",
				"${BUILT_PRODUCTS_DIR}/PromiseKit/PromiseKit.framework",
				"${BUILT_PRODUCTS_DIR}/SwiftyJSON/SwiftyJSON.framework",
				"${BUILT_PRODUCTS_DIR}/Swinject/Swinject.framework",
				"${BUILT_PRODUCTS_DIR}/SwinjectStoryboard/SwinjectStoryboard.framework",
			);
			name = "[CP] Embed Pods Frameworks";
			outputPaths = (
				"${TARGET_BUILD_DIR}/${FRAMEWORKS_FOLDER_PATH}/Alamofire.framework",
				"${TARGET_BUILD_DIR}/${FRAMEWORKS_FOLDER_PATH}/AlamofireSwiftyJSON.framework",
				"${TARGET_BUILD_DIR}/${FRAMEWORKS_FOLDER_PATH}/CocoaLumberjack.framework",
				"${TARGET_BUILD_DIR}/${FRAMEWORKS_FOLDER_PATH}/PromiseKit.framework",
				"${TARGET_BUILD_DIR}/${FRAMEWORKS_FOLDER_PATH}/SwiftyJSON.framework",
				"${TARGET_BUILD_DIR}/${FRAMEWORKS_FOLDER_PATH}/Swinject.framework",
				"${TARGET_BUILD_DIR}/${FRAMEWORKS_FOLDER_PATH}/SwinjectStoryboard.framework",
			);
			runOnlyForDeploymentPostprocessing = 0;
			shellPath = /bin/sh;
			shellScript = "\"${SRCROOT}/Pods/Target Support Files/Pods-WeatherApp/Pods-WeatherApp-frameworks.sh\"\n";
			showEnvVarsInLog = 0;
		};
		72F65B53922536AFDE299587 /* [CP] Copy Pods Resources */ = {
			isa = PBXShellScriptBuildPhase;
			buildActionMask = 2147483647;
			files = (
			);
			inputPaths = (
			);
			name = "[CP] Copy Pods Resources";
			outputPaths = (
			);
			runOnlyForDeploymentPostprocessing = 0;
			shellPath = /bin/sh;
			shellScript = "\"${SRCROOT}/Pods/Target Support Files/Pods-WeatherAppTests/Pods-WeatherAppTests-resources.sh\"\n";
			showEnvVarsInLog = 0;
		};
		8314DF0DD3D2B7B003ECA24F /* [CP] Check Pods Manifest.lock */ = {
			isa = PBXShellScriptBuildPhase;
			buildActionMask = 2147483647;
			files = (
			);
			inputPaths = (
				"${PODS_PODFILE_DIR_PATH}/Podfile.lock",
				"${PODS_ROOT}/Manifest.lock",
			);
			name = "[CP] Check Pods Manifest.lock";
			outputPaths = (
				"$(DERIVED_FILE_DIR)/Pods-WeatherApp-checkManifestLockResult.txt",
			);
			runOnlyForDeploymentPostprocessing = 0;
			shellPath = /bin/sh;
			shellScript = "diff \"${PODS_PODFILE_DIR_PATH}/Podfile.lock\" \"${PODS_ROOT}/Manifest.lock\" > /dev/null\nif [ $? != 0 ] ; then\n    # print error to STDERR\n    echo \"error: The sandbox is not in sync with the Podfile.lock. Run 'pod install' or update your CocoaPods installation.\" >&2\n    exit 1\nfi\n# This output is used by Xcode 'outputs' to avoid re-running this script phase.\necho \"SUCCESS\" > \"${SCRIPT_OUTPUT_FILE_0}\"\n";
			showEnvVarsInLog = 0;
		};
		8A709DAAC6E8B670278F83A7 /* [CP] Check Pods Manifest.lock */ = {
			isa = PBXShellScriptBuildPhase;
			buildActionMask = 2147483647;
			files = (
			);
			inputPaths = (
				"${PODS_PODFILE_DIR_PATH}/Podfile.lock",
				"${PODS_ROOT}/Manifest.lock",
			);
			name = "[CP] Check Pods Manifest.lock";
			outputPaths = (
				"$(DERIVED_FILE_DIR)/Pods-WeatherAppUITests-checkManifestLockResult.txt",
			);
			runOnlyForDeploymentPostprocessing = 0;
			shellPath = /bin/sh;
			shellScript = "diff \"${PODS_PODFILE_DIR_PATH}/Podfile.lock\" \"${PODS_ROOT}/Manifest.lock\" > /dev/null\nif [ $? != 0 ] ; then\n    # print error to STDERR\n    echo \"error: The sandbox is not in sync with the Podfile.lock. Run 'pod install' or update your CocoaPods installation.\" >&2\n    exit 1\nfi\n# This output is used by Xcode 'outputs' to avoid re-running this script phase.\necho \"SUCCESS\" > \"${SCRIPT_OUTPUT_FILE_0}\"\n";
			showEnvVarsInLog = 0;
		};
		A1E19FF3FBF7113753BB8BA3 /* [CP] Check Pods Manifest.lock */ = {
			isa = PBXShellScriptBuildPhase;
			buildActionMask = 2147483647;
			files = (
			);
			inputPaths = (
				"${PODS_PODFILE_DIR_PATH}/Podfile.lock",
				"${PODS_ROOT}/Manifest.lock",
			);
			name = "[CP] Check Pods Manifest.lock";
			outputPaths = (
				"$(DERIVED_FILE_DIR)/Pods-WeatherAppTests-checkManifestLockResult.txt",
			);
			runOnlyForDeploymentPostprocessing = 0;
			shellPath = /bin/sh;
			shellScript = "diff \"${PODS_PODFILE_DIR_PATH}/Podfile.lock\" \"${PODS_ROOT}/Manifest.lock\" > /dev/null\nif [ $? != 0 ] ; then\n    # print error to STDERR\n    echo \"error: The sandbox is not in sync with the Podfile.lock. Run 'pod install' or update your CocoaPods installation.\" >&2\n    exit 1\nfi\n# This output is used by Xcode 'outputs' to avoid re-running this script phase.\necho \"SUCCESS\" > \"${SCRIPT_OUTPUT_FILE_0}\"\n";
			showEnvVarsInLog = 0;
		};
		D942F5166467269E24E65155 /* [CP] Copy Pods Resources */ = {
			isa = PBXShellScriptBuildPhase;
			buildActionMask = 2147483647;
			files = (
			);
			inputPaths = (
			);
			name = "[CP] Copy Pods Resources";
			outputPaths = (
			);
			runOnlyForDeploymentPostprocessing = 0;
			shellPath = /bin/sh;
			shellScript = "\"${SRCROOT}/Pods/Target Support Files/Pods-WeatherApp/Pods-WeatherApp-resources.sh\"\n";
			showEnvVarsInLog = 0;
		};
		D9EC0C4645282BF697142CF5 /* [CP] Embed Pods Frameworks */ = {
			isa = PBXShellScriptBuildPhase;
			buildActionMask = 2147483647;
			files = (
			);
			inputPaths = (
			);
			name = "[CP] Embed Pods Frameworks";
			outputPaths = (
			);
			runOnlyForDeploymentPostprocessing = 0;
			shellPath = /bin/sh;
			shellScript = "\"${SRCROOT}/Pods/Target Support Files/Pods-WeatherAppTests/Pods-WeatherAppTests-frameworks.sh\"\n";
			showEnvVarsInLog = 0;
		};
		DFDB494943A46DBCB665A578 /* [CP] Embed Pods Frameworks */ = {
			isa = PBXShellScriptBuildPhase;
			buildActionMask = 2147483647;
			files = (
			);
			inputPaths = (
			);
			name = "[CP] Embed Pods Frameworks";
			outputPaths = (
			);
			runOnlyForDeploymentPostprocessing = 0;
			shellPath = /bin/sh;
			shellScript = "\"${SRCROOT}/Pods/Target Support Files/Pods-WeatherAppUITests/Pods-WeatherAppUITests-frameworks.sh\"\n";
			showEnvVarsInLog = 0;
		};
/* End PBXShellScriptBuildPhase section */

/* Begin PBXSourcesBuildPhase section */
		928DD7691F6BE5E3000F8879 /* Sources */ = {
			isa = PBXSourcesBuildPhase;
			buildActionMask = 2147483647;
			files = (
				FDB5629620A4262A009E7D11 /* DependencyInjectionContainer.swift in Sources */,
				FDE1AE9220A0D12D00D383C4 /* WeatherPresenterInteractable.swift in Sources */,
				FDE1AE9420A0D69200D383C4 /* WeatherPresenter.swift in Sources */,
				FDE1AE9920A0DA8400D383C4 /* WeatherServiceInteractable.swift in Sources */,
				926F5B781F6E8FCC00E6547C /* BaseViewController.swift in Sources */,
				FDE1AE9720A0D84400D383C4 /* WeatherPresenterViewable.swift in Sources */,
				FDE1AE8D20A0CF0100D383C4 /* WeatherService.swift in Sources */,
				FDFA62221FB9888700005C03 /* MessageLibrary.swift in Sources */,
				928DD7731F6BE5E3000F8879 /* LocationViewController.swift in Sources */,
				FDE1AE8F20A0CFC000D383C4 /* WeatherInteractorable.swift in Sources */,
				928DD7A41F6C0A83000F8879 /* Weather.swift in Sources */,
				FDE1AE9B20A0DDB900D383C4 /* WeatherPresentable.swift in Sources */,
				928DD7A01F6BEB12000F8879 /* Server.swift in Sources */,
				FDE1AE8A20A0CEA400D383C4 /* WeatherInteractor.swift in Sources */,
				928DD7711F6BE5E3000F8879 /* AppDelegate.swift in Sources */,
			);
			runOnlyForDeploymentPostprocessing = 0;
		};
		928DD77D1F6BE5E3000F8879 /* Sources */ = {
			isa = PBXSourcesBuildPhase;
			buildActionMask = 2147483647;
			files = (
				928DD7861F6BE5E3000F8879 /* WeatherAppTests.swift in Sources */,
			);
			runOnlyForDeploymentPostprocessing = 0;
		};
		928DD7881F6BE5E3000F8879 /* Sources */ = {
			isa = PBXSourcesBuildPhase;
			buildActionMask = 2147483647;
			files = (
				928DD7911F6BE5E3000F8879 /* WeatherAppUITests.swift in Sources */,
			);
			runOnlyForDeploymentPostprocessing = 0;
		};
/* End PBXSourcesBuildPhase section */

/* Begin PBXTargetDependency section */
		928DD7831F6BE5E3000F8879 /* PBXTargetDependency */ = {
			isa = PBXTargetDependency;
			target = 928DD76C1F6BE5E3000F8879 /* WeatherApp */;
			targetProxy = 928DD7821F6BE5E3000F8879 /* PBXContainerItemProxy */;
		};
		928DD78E1F6BE5E3000F8879 /* PBXTargetDependency */ = {
			isa = PBXTargetDependency;
			target = 928DD76C1F6BE5E3000F8879 /* WeatherApp */;
			targetProxy = 928DD78D1F6BE5E3000F8879 /* PBXContainerItemProxy */;
		};
/* End PBXTargetDependency section */

/* Begin PBXVariantGroup section */
		928DD7741F6BE5E3000F8879 /* Main.storyboard */ = {
			isa = PBXVariantGroup;
			children = (
				928DD7751F6BE5E3000F8879 /* Base */,
			);
			name = Main.storyboard;
			sourceTree = "<group>";
		};
		928DD7791F6BE5E3000F8879 /* LaunchScreen.storyboard */ = {
			isa = PBXVariantGroup;
			children = (
				928DD77A1F6BE5E3000F8879 /* Base */,
			);
			name = LaunchScreen.storyboard;
			sourceTree = "<group>";
		};
/* End PBXVariantGroup section */

/* Begin XCBuildConfiguration section */
		928DD7931F6BE5E3000F8879 /* Debug */ = {
			isa = XCBuildConfiguration;
			buildSettings = {
				ALWAYS_SEARCH_USER_PATHS = NO;
				CLANG_ANALYZER_NONNULL = YES;
				CLANG_CXX_LANGUAGE_STANDARD = "gnu++0x";
				CLANG_CXX_LIBRARY = "libc++";
				CLANG_ENABLE_MODULES = YES;
				CLANG_ENABLE_OBJC_ARC = YES;
				CLANG_WARN_BOOL_CONVERSION = YES;
				CLANG_WARN_CONSTANT_CONVERSION = YES;
				CLANG_WARN_DIRECT_OBJC_ISA_USAGE = YES_ERROR;
				CLANG_WARN_DOCUMENTATION_COMMENTS = YES;
				CLANG_WARN_EMPTY_BODY = YES;
				CLANG_WARN_ENUM_CONVERSION = YES;
				CLANG_WARN_INFINITE_RECURSION = YES;
				CLANG_WARN_INT_CONVERSION = YES;
				CLANG_WARN_OBJC_ROOT_CLASS = YES_ERROR;
				CLANG_WARN_SUSPICIOUS_MOVE = YES;
				CLANG_WARN_UNREACHABLE_CODE = YES;
				CLANG_WARN__DUPLICATE_METHOD_MATCH = YES;
				"CODE_SIGN_IDENTITY[sdk=iphoneos*]" = "iPhone Developer";
				COPY_PHASE_STRIP = NO;
				DEBUG_INFORMATION_FORMAT = dwarf;
				ENABLE_STRICT_OBJC_MSGSEND = YES;
				ENABLE_TESTABILITY = YES;
				GCC_C_LANGUAGE_STANDARD = gnu99;
				GCC_DYNAMIC_NO_PIC = NO;
				GCC_NO_COMMON_BLOCKS = YES;
				GCC_OPTIMIZATION_LEVEL = 0;
				GCC_PREPROCESSOR_DEFINITIONS = (
					"DEBUG=1",
					"$(inherited)",
				);
				GCC_WARN_64_TO_32_BIT_CONVERSION = YES;
				GCC_WARN_ABOUT_RETURN_TYPE = YES_ERROR;
				GCC_WARN_UNDECLARED_SELECTOR = YES;
				GCC_WARN_UNINITIALIZED_AUTOS = YES_AGGRESSIVE;
				GCC_WARN_UNUSED_FUNCTION = YES;
				GCC_WARN_UNUSED_VARIABLE = YES;
				IPHONEOS_DEPLOYMENT_TARGET = 10.2;
				MTL_ENABLE_DEBUG_INFO = YES;
				ONLY_ACTIVE_ARCH = YES;
				SDKROOT = iphoneos;
				SWIFT_ACTIVE_COMPILATION_CONDITIONS = DEBUG;
				SWIFT_OPTIMIZATION_LEVEL = "-Onone";
			};
			name = Debug;
		};
		928DD7941F6BE5E3000F8879 /* Release */ = {
			isa = XCBuildConfiguration;
			buildSettings = {
				ALWAYS_SEARCH_USER_PATHS = NO;
				CLANG_ANALYZER_NONNULL = YES;
				CLANG_CXX_LANGUAGE_STANDARD = "gnu++0x";
				CLANG_CXX_LIBRARY = "libc++";
				CLANG_ENABLE_MODULES = YES;
				CLANG_ENABLE_OBJC_ARC = YES;
				CLANG_WARN_BOOL_CONVERSION = YES;
				CLANG_WARN_CONSTANT_CONVERSION = YES;
				CLANG_WARN_DIRECT_OBJC_ISA_USAGE = YES_ERROR;
				CLANG_WARN_DOCUMENTATION_COMMENTS = YES;
				CLANG_WARN_EMPTY_BODY = YES;
				CLANG_WARN_ENUM_CONVERSION = YES;
				CLANG_WARN_INFINITE_RECURSION = YES;
				CLANG_WARN_INT_CONVERSION = YES;
				CLANG_WARN_OBJC_ROOT_CLASS = YES_ERROR;
				CLANG_WARN_SUSPICIOUS_MOVE = YES;
				CLANG_WARN_UNREACHABLE_CODE = YES;
				CLANG_WARN__DUPLICATE_METHOD_MATCH = YES;
				"CODE_SIGN_IDENTITY[sdk=iphoneos*]" = "iPhone Developer";
				COPY_PHASE_STRIP = NO;
				DEBUG_INFORMATION_FORMAT = "dwarf-with-dsym";
				ENABLE_NS_ASSERTIONS = NO;
				ENABLE_STRICT_OBJC_MSGSEND = YES;
				GCC_C_LANGUAGE_STANDARD = gnu99;
				GCC_NO_COMMON_BLOCKS = YES;
				GCC_WARN_64_TO_32_BIT_CONVERSION = YES;
				GCC_WARN_ABOUT_RETURN_TYPE = YES_ERROR;
				GCC_WARN_UNDECLARED_SELECTOR = YES;
				GCC_WARN_UNINITIALIZED_AUTOS = YES_AGGRESSIVE;
				GCC_WARN_UNUSED_FUNCTION = YES;
				GCC_WARN_UNUSED_VARIABLE = YES;
				IPHONEOS_DEPLOYMENT_TARGET = 10.2;
				MTL_ENABLE_DEBUG_INFO = NO;
				SDKROOT = iphoneos;
				SWIFT_OPTIMIZATION_LEVEL = "-Owholemodule";
				VALIDATE_PRODUCT = YES;
			};
			name = Release;
		};
		928DD7961F6BE5E3000F8879 /* Debug */ = {
			isa = XCBuildConfiguration;
			baseConfigurationReference = 9899BA9F1765CD19A583160A /* Pods-WeatherApp.debug.xcconfig */;
			buildSettings = {
				ASSETCATALOG_COMPILER_APPICON_NAME = AppIcon;
				ASSETCATALOG_COMPILER_LAUNCHIMAGE_NAME = LaunchImage;
				DEVELOPMENT_TEAM = VJG9T5EAHJ;
				INFOPLIST_FILE = WeatherApp/Info.plist;
				IPHONEOS_DEPLOYMENT_TARGET = 8.0;
				LD_RUNPATH_SEARCH_PATHS = "$(inherited) @executable_path/Frameworks";
				PRODUCT_BUNDLE_IDENTIFIER = com.Framework.WeatherApp;
				PRODUCT_NAME = "$(TARGET_NAME)";
				SWIFT_VERSION = 3.0;
			};
			name = Debug;
		};
		928DD7971F6BE5E3000F8879 /* Release */ = {
			isa = XCBuildConfiguration;
			baseConfigurationReference = C4525977FEE03D1402F3E162 /* Pods-WeatherApp.release.xcconfig */;
			buildSettings = {
				ASSETCATALOG_COMPILER_APPICON_NAME = AppIcon;
				ASSETCATALOG_COMPILER_LAUNCHIMAGE_NAME = LaunchImage;
				DEVELOPMENT_TEAM = VJG9T5EAHJ;
				INFOPLIST_FILE = WeatherApp/Info.plist;
				IPHONEOS_DEPLOYMENT_TARGET = 8.0;
				LD_RUNPATH_SEARCH_PATHS = "$(inherited) @executable_path/Frameworks";
				PRODUCT_BUNDLE_IDENTIFIER = com.Framework.WeatherApp;
				PRODUCT_NAME = "$(TARGET_NAME)";
				SWIFT_VERSION = 3.0;
			};
			name = Release;
		};
		928DD7991F6BE5E3000F8879 /* Debug */ = {
			isa = XCBuildConfiguration;
			baseConfigurationReference = 742CE32A4172C0F2AB227B82 /* Pods-WeatherAppTests.debug.xcconfig */;
			buildSettings = {
				ALWAYS_EMBED_SWIFT_STANDARD_LIBRARIES = YES;
				BUNDLE_LOADER = "$(TEST_HOST)";
				INFOPLIST_FILE = WeatherAppTests/Info.plist;
				LD_RUNPATH_SEARCH_PATHS = "$(inherited) @executable_path/Frameworks @loader_path/Frameworks";
				PRODUCT_BUNDLE_IDENTIFIER = com.Framework.WeatherAppTests;
				PRODUCT_NAME = "$(TARGET_NAME)";
				SWIFT_VERSION = 3.0;
				TEST_HOST = "$(BUILT_PRODUCTS_DIR)/WeatherApp.app/WeatherApp";
			};
			name = Debug;
		};
		928DD79A1F6BE5E3000F8879 /* Release */ = {
			isa = XCBuildConfiguration;
			baseConfigurationReference = 0F1BE6B1A5B966E75329EAF0 /* Pods-WeatherAppTests.release.xcconfig */;
			buildSettings = {
				ALWAYS_EMBED_SWIFT_STANDARD_LIBRARIES = YES;
				BUNDLE_LOADER = "$(TEST_HOST)";
				INFOPLIST_FILE = WeatherAppTests/Info.plist;
				LD_RUNPATH_SEARCH_PATHS = "$(inherited) @executable_path/Frameworks @loader_path/Frameworks";
				PRODUCT_BUNDLE_IDENTIFIER = com.Framework.WeatherAppTests;
				PRODUCT_NAME = "$(TARGET_NAME)";
				SWIFT_VERSION = 3.0;
				TEST_HOST = "$(BUILT_PRODUCTS_DIR)/WeatherApp.app/WeatherApp";
			};
			name = Release;
		};
		928DD79C1F6BE5E3000F8879 /* Debug */ = {
			isa = XCBuildConfiguration;
			baseConfigurationReference = EE7E001130F2CFA6349ED665 /* Pods-WeatherAppUITests.debug.xcconfig */;
			buildSettings = {
				ALWAYS_EMBED_SWIFT_STANDARD_LIBRARIES = YES;
				INFOPLIST_FILE = WeatherAppUITests/Info.plist;
				LD_RUNPATH_SEARCH_PATHS = "$(inherited) @executable_path/Frameworks @loader_path/Frameworks";
				PRODUCT_BUNDLE_IDENTIFIER = com.Framework.WeatherAppUITests;
				PRODUCT_NAME = "$(TARGET_NAME)";
				SWIFT_VERSION = 3.0;
				TEST_TARGET_NAME = WeatherApp;
			};
			name = Debug;
		};
		928DD79D1F6BE5E3000F8879 /* Release */ = {
			isa = XCBuildConfiguration;
			baseConfigurationReference = F72D8AE757E0B273BB9D464F /* Pods-WeatherAppUITests.release.xcconfig */;
			buildSettings = {
				ALWAYS_EMBED_SWIFT_STANDARD_LIBRARIES = YES;
				INFOPLIST_FILE = WeatherAppUITests/Info.plist;
				LD_RUNPATH_SEARCH_PATHS = "$(inherited) @executable_path/Frameworks @loader_path/Frameworks";
				PRODUCT_BUNDLE_IDENTIFIER = com.Framework.WeatherAppUITests;
				PRODUCT_NAME = "$(TARGET_NAME)";
				SWIFT_VERSION = 3.0;
				TEST_TARGET_NAME = WeatherApp;
			};
			name = Release;
		};
/* End XCBuildConfiguration section */

/* Begin XCConfigurationList section */
		928DD7681F6BE5E3000F8879 /* Build configuration list for PBXProject "WeatherApp" */ = {
			isa = XCConfigurationList;
			buildConfigurations = (
				928DD7931F6BE5E3000F8879 /* Debug */,
				928DD7941F6BE5E3000F8879 /* Release */,
			);
			defaultConfigurationIsVisible = 0;
			defaultConfigurationName = Release;
		};
		928DD7951F6BE5E3000F8879 /* Build configuration list for PBXNativeTarget "WeatherApp" */ = {
			isa = XCConfigurationList;
			buildConfigurations = (
				928DD7961F6BE5E3000F8879 /* Debug */,
				928DD7971F6BE5E3000F8879 /* Release */,
			);
			defaultConfigurationIsVisible = 0;
			defaultConfigurationName = Release;
		};
		928DD7981F6BE5E3000F8879 /* Build configuration list for PBXNativeTarget "WeatherAppTests" */ = {
			isa = XCConfigurationList;
			buildConfigurations = (
				928DD7991F6BE5E3000F8879 /* Debug */,
				928DD79A1F6BE5E3000F8879 /* Release */,
			);
			defaultConfigurationIsVisible = 0;
			defaultConfigurationName = Release;
		};
		928DD79B1F6BE5E3000F8879 /* Build configuration list for PBXNativeTarget "WeatherAppUITests" */ = {
			isa = XCConfigurationList;
			buildConfigurations = (
				928DD79C1F6BE5E3000F8879 /* Debug */,
				928DD79D1F6BE5E3000F8879 /* Release */,
			);
			defaultConfigurationIsVisible = 0;
			defaultConfigurationName = Release;
		};
/* End XCConfigurationList section */
	};
	rootObject = 928DD7651F6BE5E3000F8879 /* Project object */;
}
